
Microsoft Visual Studio Solution File, Format Version 12.00
# Visual Studio 14
VisualStudioVersion = 14.0.25420.1
MinimumVisualStudioVersion = 10.0.40219.1
Project("{159641D6-6404-4A2A-AE62-294DE0FE8301}") = "NDM_SSIS", "NDM_SSIS\NDM_SSIS.dtproj", "{605E3832-2E5F-4198-BF4D-D420146D2EC5}"
EndProject
Global
	GlobalSection(SolutionConfigurationPlatforms) = preSolution
		Development|Default = Development|Default
	EndGlobalSection
	GlobalSection(ProjectConfigurationPlatforms) = postSolution
		{605E3832-2E5F-4198-BF4D-D420146D2EC5}.Development|Default.ActiveCfg = Development
		{605E3832-2E5F-4198-BF4D-D420146D2EC5}.Development|Default.Build.0 = Development
	EndGlobalSection
	GlobalSection(SolutionProperties) = preSolution
		HideSolutionNode = FALSE
	EndGlobalSection
EndGlobal
