
Microsoft Visual Studio Solution File, Format Version 12.00
# Visual Studio 14
VisualStudioVersion = 14.0.25420.1
MinimumVisualStudioVersion = 10.0.40219.1
Project("{159641D6-6404-4A2A-AE62-294DE0FE8301}") = "NDM_SSIS", "NDM_SSIS\NDM_SSIS.dtproj", "{605E3832-2E5F-4198-BF4D-D420146D2EC5}"
EndProject
Project("{2150E333-8FDC-42A3-9474-1A3956D46DE8}") = "Solution Items", "Solution Items", "{921B0C39-BE75-43A0-9145-FFF77DC19149}"
	ProjectSection(SolutionItems) = preProject
		SqlScripts\CreateTable_DataImportJournal.sql = SqlScripts\CreateTable_DataImportJournal.sql
		Readme.txt = Readme.txt
	EndProjectSection
EndProject
Global
	GlobalSection(SolutionConfigurationPlatforms) = preSolution
		Development|Default = Development|Default
	EndGlobalSection
	GlobalSection(ProjectConfigurationPlatforms) = postSolution
		{605E3832-2E5F-4198-BF4D-D420146D2EC5}.Development|Default.ActiveCfg = Development
		{605E3832-2E5F-4198-BF4D-D420146D2EC5}.Development|Default.Build.0 = Development
	EndGlobalSection
	GlobalSection(SolutionProperties) = preSolution
		HideSolutionNode = FALSE
	EndGlobalSection
EndGlobal
